
Microsoft Visual Studio Solution File, Format Version 12.00
# Visual Studio Version 17
VisualStudioVersion = 17.7.34202.233
MinimumVisualStudioVersion = 10.0.40219.1
Project("{FAE04EC0-301F-11D3-BF4B-00C04F79EFBC}") = "laba1", "laba1.csproj", "{72AEBD9A-DEB9-4A0E-A5E5-EFCA19BA6AB9}"
EndProject
Global
	GlobalSection(SolutionConfigurationPlatforms) = preSolution
		Debug|Any CPU = Debug|Any CPU
		Release|Any CPU = Release|Any CPU
	EndGlobalSection
	GlobalSection(ProjectConfigurationPlatforms) = postSolution
		{72AEBD9A-DEB9-4A0E-A5E5-EFCA19BA6AB9}.Debug|Any CPU.ActiveCfg = Debug|Any CPU
		{72AEBD9A-DEB9-4A0E-A5E5-EFCA19BA6AB9}.Debug|Any CPU.Build.0 = Debug|Any CPU
		{72AEBD9A-DEB9-4A0E-A5E5-EFCA19BA6AB9}.Release|Any CPU.ActiveCfg = Release|Any CPU
		{72AEBD9A-DEB9-4A0E-A5E5-EFCA19BA6AB9}.Release|Any CPU.Build.0 = Release|Any CPU
	EndGlobalSection
	GlobalSection(SolutionProperties) = preSolution
		HideSolutionNode = FALSE
	EndGlobalSection
	GlobalSection(ExtensibilityGlobals) = postSolution
		SolutionGuid = {914E7BD9-7BA3-4B80-9E67-67A0C30F4D4C}
	EndGlobalSection
EndGlobal
